
Microsoft Visual Studio Solution File, Format Version 12.00
# Visual Studio Version 17
VisualStudioVersion = 17.0.32112.339
MinimumVisualStudioVersion = 10.0.40219.1
Project("{FAE04EC0-301F-11D3-BF4B-00C04F79EFBC}") = "WebApplication1", "WebApplication1\WebApplication1.csproj", "{40E24943-8137-4E1F-8C8A-8D5499914531}"
EndProject
Global
	GlobalSection(SolutionConfigurationPlatforms) = preSolution
		Debug|Any CPU = Debug|Any CPU
		Release|Any CPU = Release|Any CPU
	EndGlobalSection
	GlobalSection(ProjectConfigurationPlatforms) = postSolution
		{40E24943-8137-4E1F-8C8A-8D5499914531}.Debug|Any CPU.ActiveCfg = Debug|Any CPU
		{40E24943-8137-4E1F-8C8A-8D5499914531}.Debug|Any CPU.Build.0 = Debug|Any CPU
		{40E24943-8137-4E1F-8C8A-8D5499914531}.Release|Any CPU.ActiveCfg = Release|Any CPU
		{40E24943-8137-4E1F-8C8A-8D5499914531}.Release|Any CPU.Build.0 = Release|Any CPU
	EndGlobalSection
	GlobalSection(SolutionProperties) = preSolution
		HideSolutionNode = FALSE
	EndGlobalSection
	GlobalSection(ExtensibilityGlobals) = postSolution
		SolutionGuid = {8313488D-45C0-4159-A3E6-C0CBD757EA8B}
	EndGlobalSection
EndGlobal
